
Microsoft Visual Studio Solution File, Format Version 12.00
# Visual Studio Version 17
VisualStudioVersion = 17.1.32210.238
MinimumVisualStudioVersion = 10.0.40219.1
Project("{FAE04EC0-301F-11D3-BF4B-00C04F79EFBC}") = "24AMMVC", "24AMMVC.csproj", "{A35D85AE-9FE0-461E-8946-DBA9D0824EE9}"
EndProject
Global
	GlobalSection(SolutionConfigurationPlatforms) = preSolution
		Debug|Any CPU = Debug|Any CPU
		Release|Any CPU = Release|Any CPU
	EndGlobalSection
	GlobalSection(ProjectConfigurationPlatforms) = postSolution
		{A35D85AE-9FE0-461E-8946-DBA9D0824EE9}.Debug|Any CPU.ActiveCfg = Debug|Any CPU
		{A35D85AE-9FE0-461E-8946-DBA9D0824EE9}.Debug|Any CPU.Build.0 = Debug|Any CPU
		{A35D85AE-9FE0-461E-8946-DBA9D0824EE9}.Release|Any CPU.ActiveCfg = Release|Any CPU
		{A35D85AE-9FE0-461E-8946-DBA9D0824EE9}.Release|Any CPU.Build.0 = Release|Any CPU
	EndGlobalSection
	GlobalSection(SolutionProperties) = preSolution
		HideSolutionNode = FALSE
	EndGlobalSection
	GlobalSection(ExtensibilityGlobals) = postSolution
		SolutionGuid = {F3D6A6BA-E433-459E-AD32-BB3544A39CE7}
	EndGlobalSection
EndGlobal
